
Microsoft Visual Studio Solution File, Format Version 12.00
# Visual Studio 15
VisualStudioVersion = 15.0.27703.2042
MinimumVisualStudioVersion = 10.0.40219.1
Project("{2150E333-8FDC-42A3-9474-1A3956D46DE8}") = "1-Apresentation", "1-Apresentation", "{ACCCE3F6-9D13-4D45-87A6-13CA263C05BC}"
EndProject
Project("{2150E333-8FDC-42A3-9474-1A3956D46DE8}") = "2-Aplication", "2-Aplication", "{1C81B1FE-3129-40B7-A910-0C5389CE0C06}"
EndProject
Project("{2150E333-8FDC-42A3-9474-1A3956D46DE8}") = "3-Domain", "3-Domain", "{8C3E8B7E-6D8A-4A0D-8DB1-69FC152212A5}"
EndProject
Project("{2150E333-8FDC-42A3-9474-1A3956D46DE8}") = "4-Infrastructure", "4-Infrastructure", "{38FA7DF2-CB45-4241-A89F-BF480D801EDE}"
EndProject
Project("{FAE04EC0-301F-11D3-BF4B-00C04F79EFBC}") = "BancoSowConnect.Infrastructure.Repository", "BancoSowConnect.Infrastructure.Repository\BancoSowConnect.Infrastructure.Repository.csproj", "{E2375726-8311-42CD-B81B-51107C1C255E}"
EndProject
Project("{FAE04EC0-301F-11D3-BF4B-00C04F79EFBC}") = "BancoSowConnect.Domain.Entity", "BancoSowConnect.Domain.Entity\BancoSowConnect.Domain.Entity.csproj", "{448361D6-C644-4D03-9B3F-3D8D25D39AA0}"
EndProject
Project("{FAE04EC0-301F-11D3-BF4B-00C04F79EFBC}") = "BancoSowConnect.Aplication.Service", "BancoSowConnect.Aplication.Service\BancoSowConnect.Aplication.Service.csproj", "{AF47778E-7BB4-4EEB-8C50-3705DE773B2A}"
EndProject
Project("{2150E333-8FDC-42A3-9474-1A3956D46DE8}") = "5-UnitTest", "5-UnitTest", "{FF684E13-0AA0-4B7D-83BB-8B706B18D5B4}"
EndProject
Project("{FAE04EC0-301F-11D3-BF4B-00C04F79EFBC}") = "BancoSowConnect.UnitTest.Tests", "BancoSowConnect.UnitTest.Tests\BancoSowConnect.UnitTest.Tests.csproj", "{C7D77834-E305-496D-8025-EB7A309BC292}"
EndProject
Project("{FAE04EC0-301F-11D3-BF4B-00C04F79EFBC}") = "BancoSowConnect.Domain.Model", "BancoSowConnect.Domain.Model\BancoSowConnect.Domain.Model.csproj", "{05C3171E-EFC7-478B-A32D-3B0C81B60595}"
EndProject
Project("{FAE04EC0-301F-11D3-BF4B-00C04F79EFBC}") = "BancoSowConnect..Apresentation.API", "BancoSowConnect..Apresentation.API\BancoSowConnect..Apresentation.API.csproj", "{00781DA2-A4C2-46A6-A47B-13E9D6765A5A}"
EndProject
Project("{FAE04EC0-301F-11D3-BF4B-00C04F79EFBC}") = "BancoSowConnect.Infrastructure.IoC", "BancoSowConnect.Infrastructure.IoC\BancoSowConnect.Infrastructure.IoC.csproj", "{0F8C4523-ECDA-4B4D-9DEB-D012C851D73F}"
EndProject
Project("{FAE04EC0-301F-11D3-BF4B-00C04F79EFBC}") = "BancoSowConnect.Apresentation.Web", "BancoSowConnect.Apresentation.Web\BancoSowConnect.Apresentation.Web.csproj", "{15FB9140-F8A2-4E27-8158-64688C08B229}"
EndProject
Global
	GlobalSection(SolutionConfigurationPlatforms) = preSolution
		Debug|Any CPU = Debug|Any CPU
		Release|Any CPU = Release|Any CPU
	EndGlobalSection
	GlobalSection(ProjectConfigurationPlatforms) = postSolution
		{E2375726-8311-42CD-B81B-51107C1C255E}.Debug|Any CPU.ActiveCfg = Debug|Any CPU
		{E2375726-8311-42CD-B81B-51107C1C255E}.Debug|Any CPU.Build.0 = Debug|Any CPU
		{E2375726-8311-42CD-B81B-51107C1C255E}.Release|Any CPU.ActiveCfg = Release|Any CPU
		{E2375726-8311-42CD-B81B-51107C1C255E}.Release|Any CPU.Build.0 = Release|Any CPU
		{448361D6-C644-4D03-9B3F-3D8D25D39AA0}.Debug|Any CPU.ActiveCfg = Debug|Any CPU
		{448361D6-C644-4D03-9B3F-3D8D25D39AA0}.Debug|Any CPU.Build.0 = Debug|Any CPU
		{448361D6-C644-4D03-9B3F-3D8D25D39AA0}.Release|Any CPU.ActiveCfg = Release|Any CPU
		{448361D6-C644-4D03-9B3F-3D8D25D39AA0}.Release|Any CPU.Build.0 = Release|Any CPU
		{AF47778E-7BB4-4EEB-8C50-3705DE773B2A}.Debug|Any CPU.ActiveCfg = Debug|Any CPU
		{AF47778E-7BB4-4EEB-8C50-3705DE773B2A}.Debug|Any CPU.Build.0 = Debug|Any CPU
		{AF47778E-7BB4-4EEB-8C50-3705DE773B2A}.Release|Any CPU.ActiveCfg = Release|Any CPU
		{AF47778E-7BB4-4EEB-8C50-3705DE773B2A}.Release|Any CPU.Build.0 = Release|Any CPU
		{C7D77834-E305-496D-8025-EB7A309BC292}.Debug|Any CPU.ActiveCfg = Debug|Any CPU
		{C7D77834-E305-496D-8025-EB7A309BC292}.Debug|Any CPU.Build.0 = Debug|Any CPU
		{C7D77834-E305-496D-8025-EB7A309BC292}.Release|Any CPU.ActiveCfg = Release|Any CPU
		{C7D77834-E305-496D-8025-EB7A309BC292}.Release|Any CPU.Build.0 = Release|Any CPU
		{05C3171E-EFC7-478B-A32D-3B0C81B60595}.Debug|Any CPU.ActiveCfg = Debug|Any CPU
		{05C3171E-EFC7-478B-A32D-3B0C81B60595}.Debug|Any CPU.Build.0 = Debug|Any CPU
		{05C3171E-EFC7-478B-A32D-3B0C81B60595}.Release|Any CPU.ActiveCfg = Release|Any CPU
		{05C3171E-EFC7-478B-A32D-3B0C81B60595}.Release|Any CPU.Build.0 = Release|Any CPU
		{00781DA2-A4C2-46A6-A47B-13E9D6765A5A}.Debug|Any CPU.ActiveCfg = Debug|Any CPU
		{00781DA2-A4C2-46A6-A47B-13E9D6765A5A}.Debug|Any CPU.Build.0 = Debug|Any CPU
		{00781DA2-A4C2-46A6-A47B-13E9D6765A5A}.Release|Any CPU.ActiveCfg = Release|Any CPU
		{00781DA2-A4C2-46A6-A47B-13E9D6765A5A}.Release|Any CPU.Build.0 = Release|Any CPU
		{0F8C4523-ECDA-4B4D-9DEB-D012C851D73F}.Debug|Any CPU.ActiveCfg = Debug|Any CPU
		{0F8C4523-ECDA-4B4D-9DEB-D012C851D73F}.Debug|Any CPU.Build.0 = Debug|Any CPU
		{0F8C4523-ECDA-4B4D-9DEB-D012C851D73F}.Release|Any CPU.ActiveCfg = Release|Any CPU
		{0F8C4523-ECDA-4B4D-9DEB-D012C851D73F}.Release|Any CPU.Build.0 = Release|Any CPU
		{15FB9140-F8A2-4E27-8158-64688C08B229}.Debug|Any CPU.ActiveCfg = Debug|Any CPU
		{15FB9140-F8A2-4E27-8158-64688C08B229}.Debug|Any CPU.Build.0 = Debug|Any CPU
		{15FB9140-F8A2-4E27-8158-64688C08B229}.Release|Any CPU.ActiveCfg = Release|Any CPU
		{15FB9140-F8A2-4E27-8158-64688C08B229}.Release|Any CPU.Build.0 = Release|Any CPU
	EndGlobalSection
	GlobalSection(SolutionProperties) = preSolution
		HideSolutionNode = FALSE
	EndGlobalSection
	GlobalSection(NestedProjects) = preSolution
		{E2375726-8311-42CD-B81B-51107C1C255E} = {38FA7DF2-CB45-4241-A89F-BF480D801EDE}
		{448361D6-C644-4D03-9B3F-3D8D25D39AA0} = {8C3E8B7E-6D8A-4A0D-8DB1-69FC152212A5}
		{AF47778E-7BB4-4EEB-8C50-3705DE773B2A} = {1C81B1FE-3129-40B7-A910-0C5389CE0C06}
		{C7D77834-E305-496D-8025-EB7A309BC292} = {FF684E13-0AA0-4B7D-83BB-8B706B18D5B4}
		{05C3171E-EFC7-478B-A32D-3B0C81B60595} = {8C3E8B7E-6D8A-4A0D-8DB1-69FC152212A5}
		{00781DA2-A4C2-46A6-A47B-13E9D6765A5A} = {ACCCE3F6-9D13-4D45-87A6-13CA263C05BC}
		{0F8C4523-ECDA-4B4D-9DEB-D012C851D73F} = {38FA7DF2-CB45-4241-A89F-BF480D801EDE}
		{15FB9140-F8A2-4E27-8158-64688C08B229} = {ACCCE3F6-9D13-4D45-87A6-13CA263C05BC}
	EndGlobalSection
	GlobalSection(ExtensibilityGlobals) = postSolution
		SolutionGuid = {00171BC7-AD2F-4C83-86CC-D269E708A1E0}
	EndGlobalSection
EndGlobal
